
Microsoft Visual Studio Solution File, Format Version 12.00
# Visual Studio Version 17
VisualStudioVersion = 17.2.32516.85
MinimumVisualStudioVersion = 10.0.40219.1
Project("{9A19103F-16F7-4668-BE54-9A1E7A4F7556}") = "TypeOBasic2d", "TypeOBasic2d\TypeOBasic2d.csproj", "{165B1EB6-2707-40B1-85B0-9FF19808E9A3}"
EndProject
Project("{9A19103F-16F7-4668-BE54-9A1E7A4F7556}") = "TypeOBasic2dTest", "TypeOBasic2dTest\TypeOBasic2dTest.csproj", "{7FF79A7C-5973-4B45-8DA7-888A20F71625}"
EndProject
Global
	GlobalSection(SolutionConfigurationPlatforms) = preSolution
		Debug|Any CPU = Debug|Any CPU
		Release|Any CPU = Release|Any CPU
	EndGlobalSection
	GlobalSection(ProjectConfigurationPlatforms) = postSolution
		{165B1EB6-2707-40B1-85B0-9FF19808E9A3}.Debug|Any CPU.ActiveCfg = Debug|Any CPU
		{165B1EB6-2707-40B1-85B0-9FF19808E9A3}.Debug|Any CPU.Build.0 = Debug|Any CPU
		{165B1EB6-2707-40B1-85B0-9FF19808E9A3}.Release|Any CPU.ActiveCfg = Release|Any CPU
		{165B1EB6-2707-40B1-85B0-9FF19808E9A3}.Release|Any CPU.Build.0 = Release|Any CPU
		{7FF79A7C-5973-4B45-8DA7-888A20F71625}.Debug|Any CPU.ActiveCfg = Debug|Any CPU
		{7FF79A7C-5973-4B45-8DA7-888A20F71625}.Debug|Any CPU.Build.0 = Debug|Any CPU
		{7FF79A7C-5973-4B45-8DA7-888A20F71625}.Release|Any CPU.ActiveCfg = Release|Any CPU
		{7FF79A7C-5973-4B45-8DA7-888A20F71625}.Release|Any CPU.Build.0 = Release|Any CPU
	EndGlobalSection
	GlobalSection(SolutionProperties) = preSolution
		HideSolutionNode = FALSE
	EndGlobalSection
	GlobalSection(ExtensibilityGlobals) = postSolution
		SolutionGuid = {647B888B-198E-421D-8BFF-E7615CDDDA50}
	EndGlobalSection
EndGlobal
